
Microsoft Visual Studio Solution File, Format Version 12.00
# Visual Studio Version 17
VisualStudioVersion = 17.0.31808.319
MinimumVisualStudioVersion = 10.0.40219.1
Project("{FAE04EC0-301F-11D3-BF4B-00C04F79EFBC}") = "Lab10", "Lab10\Lab10.csproj", "{372A5619-F33A-443F-AEA7-C8C5AEE1414C}"
EndProject
Global
	GlobalSection(SolutionConfigurationPlatforms) = preSolution
		Debug|Any CPU = Debug|Any CPU
		Release|Any CPU = Release|Any CPU
	EndGlobalSection
	GlobalSection(ProjectConfigurationPlatforms) = postSolution
		{372A5619-F33A-443F-AEA7-C8C5AEE1414C}.Debug|Any CPU.ActiveCfg = Debug|Any CPU
		{372A5619-F33A-443F-AEA7-C8C5AEE1414C}.Debug|Any CPU.Build.0 = Debug|Any CPU
		{372A5619-F33A-443F-AEA7-C8C5AEE1414C}.Release|Any CPU.ActiveCfg = Release|Any CPU
		{372A5619-F33A-443F-AEA7-C8C5AEE1414C}.Release|Any CPU.Build.0 = Release|Any CPU
	EndGlobalSection
	GlobalSection(SolutionProperties) = preSolution
		HideSolutionNode = FALSE
	EndGlobalSection
	GlobalSection(ExtensibilityGlobals) = postSolution
		SolutionGuid = {CC0635CE-7D6D-47A0-B47E-6DCF77EDB68A}
	EndGlobalSection
EndGlobal
