
Microsoft Visual Studio Solution File, Format Version 12.00
Project("{FAE04EC0-301F-11D3-BF4B-00C04F79EFBC}") = "Lab8", "Lab8\Lab8.csproj", "{8FE55B7A-CC76-4C81-AE99-0597DAA0553F}"
EndProject
Global
	GlobalSection(SolutionConfigurationPlatforms) = preSolution
		Debug|Any CPU = Debug|Any CPU
		Release|Any CPU = Release|Any CPU
	EndGlobalSection
	GlobalSection(ProjectConfigurationPlatforms) = postSolution
		{8FE55B7A-CC76-4C81-AE99-0597DAA0553F}.Debug|Any CPU.ActiveCfg = Debug|Any CPU
		{8FE55B7A-CC76-4C81-AE99-0597DAA0553F}.Debug|Any CPU.Build.0 = Debug|Any CPU
		{8FE55B7A-CC76-4C81-AE99-0597DAA0553F}.Release|Any CPU.ActiveCfg = Release|Any CPU
		{8FE55B7A-CC76-4C81-AE99-0597DAA0553F}.Release|Any CPU.Build.0 = Release|Any CPU
	EndGlobalSection
EndGlobal
