
Microsoft Visual Studio Solution File, Format Version 12.00
Project("{FAE04EC0-301F-11D3-BF4B-00C04F79EFBC}") = "Lab7", "Lab7\Lab7.csproj", "{C7609A41-D551-48FD-97EC-CA4E2D28CC24}"
EndProject
Global
	GlobalSection(SolutionConfigurationPlatforms) = preSolution
		Debug|Any CPU = Debug|Any CPU
		Release|Any CPU = Release|Any CPU
	EndGlobalSection
	GlobalSection(ProjectConfigurationPlatforms) = postSolution
		{C7609A41-D551-48FD-97EC-CA4E2D28CC24}.Debug|Any CPU.ActiveCfg = Debug|Any CPU
		{C7609A41-D551-48FD-97EC-CA4E2D28CC24}.Debug|Any CPU.Build.0 = Debug|Any CPU
		{C7609A41-D551-48FD-97EC-CA4E2D28CC24}.Release|Any CPU.ActiveCfg = Release|Any CPU
		{C7609A41-D551-48FD-97EC-CA4E2D28CC24}.Release|Any CPU.Build.0 = Release|Any CPU
	EndGlobalSection
EndGlobal
